{
  "name": "wishapp",
  "lockfileVersion": 3,
  "requires": true,
  "packages": {
    "": {
      "dependencies": {
        "actionlint": "^2.0.6",
        "prettier": "^3.5.3"
      }
    },
    "node_modules/actionlint": {
      "version": "2.0.6",
      "resolved": "https://registry.npmjs.org/actionlint/-/actionlint-2.0.6.tgz",
      "integrity": "sha512-tNx8f48yJNSLXTIygGntu5dSZlIZblDt8sR7pIs7EEmmb2PkEF87d+3UKZV2GUgCuN9Awj7k4ZPrwdAxFWEqgw==",
      "license": "MIT"
    },
    "node_modules/prettier": {
      "version": "3.5.3",
      "resolved": "https://registry.npmjs.org/prettier/-/prettier-3.5.3.tgz",
      "integrity": "sha512-QQtaxnoDJeAkDvDKWCLiwIXkTgRhwYDEQCghU9Z6q03iyek/rxRh/2lC3HB7P8sWT2xC/y5JDctPLBIGzHKbhw==",
      "license": "MIT",
      "bin": {
        "prettier": "bin/prettier.cjs"
      },
      "engines": {
        "node": ">=14"
      },
      "funding": {
        "url": "https://github.com/prettier/prettier?sponsor=1"
      }
    }
  }
}
